// !$*UTF8*$!
{
	archiveVersion = 1;
	classes = {
	};
	objectVersion = 50;
	objects = {

/* Begin PBXBuildFile section */
		6A8F1B242120C3D80012C979 /* AppDelegate.swift in Sources */ = {isa = PBXBuildFile; fileRef = 6A8F1B232120C3D80012C979 /* AppDelegate.swift */; };
		6A8F1B262120C3D80012C979 /* ViewController.swift in Sources */ = {isa = PBXBuildFile; fileRef = 6A8F1B252120C3D80012C979 /* ViewController.swift */; };
		6A8F1B292120C3D80012C979 /* Main.storyboard in Resources */ = {isa = PBXBuildFile; fileRef = 6A8F1B272120C3D80012C979 /* Main.storyboard */; };
		6A8F1B2B2120C3DA0012C979 /* Assets.xcassets in Resources */ = {isa = PBXBuildFile; fileRef = 6A8F1B2A2120C3DA0012C979 /* Assets.xcassets */; };
		6A8F1B2E2120C3DA0012C979 /* LaunchScreen.storyboard in Resources */ = {isa = PBXBuildFile; fileRef = 6A8F1B2C2120C3DA0012C979 /* LaunchScreen.storyboard */; };
		6A8F1B3C2120CBCF0012C979 /* UserNotifications.framework in Frameworks */ = {isa = PBXBuildFile; fileRef = 6A8F1B3B2120CBCF0012C979 /* UserNotifications.framework */; };
		6A8F1B3E2120CBCF0012C979 /* UserNotificationsUI.framework in Frameworks */ = {isa = PBXBuildFile; fileRef = 6A8F1B3D2120CBCF0012C979 /* UserNotificationsUI.framework */; };
		6A8F1B412120CBCF0012C979 /* NotificationViewController.swift in Sources */ = {isa = PBXBuildFile; fileRef = 6A8F1B402120CBCF0012C979 /* NotificationViewController.swift */; };
		6A8F1B442120CBCF0012C979 /* MainInterface.storyboard in Resources */ = {isa = PBXBuildFile; fileRef = 6A8F1B422120CBCF0012C979 /* MainInterface.storyboard */; };
		6A8F1B482120CBCF0012C979 /* NotificationContentExt.appex in Embed App Extensions */ = {isa = PBXBuildFile; fileRef = 6A8F1B392120CBCF0012C979 /* NotificationContentExt.appex */; settings = {ATTRIBUTES = (RemoveHeadersOnCopy, ); }; };
		6A8F1B4E21212A1A0012C979 /* Common.swift in Sources */ = {isa = PBXBuildFile; fileRef = 6A8F1B4D21212A1A0012C979 /* Common.swift */; };
		6A8F1B51212151120012C979 /* NotificationSettingsViewController.swift in Sources */ = {isa = PBXBuildFile; fileRef = 6A8F1B50212151120012C979 /* NotificationSettingsViewController.swift */; };
		6A8F1B68212233ED0012C979 /* startup.jpg in Resources */ = {isa = PBXBuildFile; fileRef = 6A8F1B67212233ED0012C979 /* startup.jpg */; };
		6A8F1B6B21224F740012C979 /* heart-outline.png in Resources */ = {isa = PBXBuildFile; fileRef = 6A8F1B6921224F740012C979 /* heart-outline.png */; };
		6A8F1B6C21224F740012C979 /* heart-filled.png in Resources */ = {isa = PBXBuildFile; fileRef = 6A8F1B6A21224F740012C979 /* heart-filled.png */; };
/* End PBXBuildFile section */

/* Begin PBXContainerItemProxy section */
		6A8F1B462120CBCF0012C979 /* PBXContainerItemProxy */ = {
			isa = PBXContainerItemProxy;
			containerPortal = 6A8F1B182120C3D80012C979 /* Project object */;
			proxyType = 1;
			remoteGlobalIDString = 6A8F1B382120CBCF0012C979;
			remoteInfo = NotificationContentExt;
		};
/* End PBXContainerItemProxy section */

/* Begin PBXCopyFilesBuildPhase section */
		6A8F1B4C2120CBCF0012C979 /* Embed App Extensions */ = {
			isa = PBXCopyFilesBuildPhase;
			buildActionMask = 2147483647;
			dstPath = "";
			dstSubfolderSpec = 13;
			files = (
				6A8F1B482120CBCF0012C979 /* NotificationContentExt.appex in Embed App Extensions */,
			);
			name = "Embed App Extensions";
			runOnlyForDeploymentPostprocessing = 0;
		};
/* End PBXCopyFilesBuildPhase section */

/* Begin PBXFileReference section */
		6A8F1B202120C3D80012C979 /* NotificationTester.app */ = {isa = PBXFileReference; explicitFileType = wrapper.application; includeInIndex = 0; path = NotificationTester.app; sourceTree = BUILT_PRODUCTS_DIR; };
		6A8F1B232120C3D80012C979 /* AppDelegate.swift */ = {isa = PBXFileReference; lastKnownFileType = sourcecode.swift; path = AppDelegate.swift; sourceTree = "<group>"; };
		6A8F1B252120C3D80012C979 /* ViewController.swift */ = {isa = PBXFileReference; lastKnownFileType = sourcecode.swift; path = ViewController.swift; sourceTree = "<group>"; };
		6A8F1B282120C3D80012C979 /* Base */ = {isa = PBXFileReference; lastKnownFileType = file.storyboard; name = Base; path = Base.lproj/Main.storyboard; sourceTree = "<group>"; };
		6A8F1B2A2120C3DA0012C979 /* Assets.xcassets */ = {isa = PBXFileReference; lastKnownFileType = folder.assetcatalog; path = Assets.xcassets; sourceTree = "<group>"; };
		6A8F1B2D2120C3DA0012C979 /* Base */ = {isa = PBXFileReference; lastKnownFileType = file.storyboard; name = Base; path = Base.lproj/LaunchScreen.storyboard; sourceTree = "<group>"; };
		6A8F1B2F2120C3DA0012C979 /* Info.plist */ = {isa = PBXFileReference; lastKnownFileType = text.plist.xml; path = Info.plist; sourceTree = "<group>"; };
		6A8F1B392120CBCF0012C979 /* NotificationContentExt.appex */ = {isa = PBXFileReference; explicitFileType = "wrapper.app-extension"; includeInIndex = 0; path = NotificationContentExt.appex; sourceTree = BUILT_PRODUCTS_DIR; };
		6A8F1B3B2120CBCF0012C979 /* UserNotifications.framework */ = {isa = PBXFileReference; lastKnownFileType = wrapper.framework; name = UserNotifications.framework; path = System/Library/Frameworks/UserNotifications.framework; sourceTree = SDKROOT; };
		6A8F1B3D2120CBCF0012C979 /* UserNotificationsUI.framework */ = {isa = PBXFileReference; lastKnownFileType = wrapper.framework; name = UserNotificationsUI.framework; path = System/Library/Frameworks/UserNotificationsUI.framework; sourceTree = SDKROOT; };
		6A8F1B402120CBCF0012C979 /* NotificationViewController.swift */ = {isa = PBXFileReference; lastKnownFileType = sourcecode.swift; path = NotificationViewController.swift; sourceTree = "<group>"; };
		6A8F1B432120CBCF0012C979 /* Base */ = {isa = PBXFileReference; lastKnownFileType = file.storyboard; name = Base; path = Base.lproj/MainInterface.storyboard; sourceTree = "<group>"; };
		6A8F1B452120CBCF0012C979 /* Info.plist */ = {isa = PBXFileReference; lastKnownFileType = text.plist.xml; path = Info.plist; sourceTree = "<group>"; };
		6A8F1B4D21212A1A0012C979 /* Common.swift */ = {isa = PBXFileReference; lastKnownFileType = sourcecode.swift; path = Common.swift; sourceTree = "<group>"; };
		6A8F1B4F21214A190012C979 /* NotificationTester.entitlements */ = {isa = PBXFileReference; lastKnownFileType = text.plist.entitlements; path = NotificationTester.entitlements; sourceTree = "<group>"; };
		6A8F1B50212151120012C979 /* NotificationSettingsViewController.swift */ = {isa = PBXFileReference; lastKnownFileType = sourcecode.swift; path = NotificationSettingsViewController.swift; sourceTree = "<group>"; };
		6A8F1B67212233ED0012C979 /* startup.jpg */ = {isa = PBXFileReference; lastKnownFileType = image.jpeg; path = startup.jpg; sourceTree = "<group>"; };
		6A8F1B6921224F740012C979 /* heart-outline.png */ = {isa = PBXFileReference; lastKnownFileType = image.png; path = "heart-outline.png"; sourceTree = "<group>"; };
		6A8F1B6A21224F740012C979 /* heart-filled.png */ = {isa = PBXFileReference; lastKnownFileType = image.png; path = "heart-filled.png"; sourceTree = "<group>"; };
/* End PBXFileReference section */

/* Begin PBXFrameworksBuildPhase section */
		6A8F1B1D2120C3D80012C979 /* Frameworks */ = {
			isa = PBXFrameworksBuildPhase;
			buildActionMask = 2147483647;
			files = (
			);
			runOnlyForDeploymentPostprocessing = 0;
		};
		6A8F1B362120CBCF0012C979 /* Frameworks */ = {
			isa = PBXFrameworksBuildPhase;
			buildActionMask = 2147483647;
			files = (
				6A8F1B3E2120CBCF0012C979 /* UserNotificationsUI.framework in Frameworks */,
				6A8F1B3C2120CBCF0012C979 /* UserNotifications.framework in Frameworks */,
			);
			runOnlyForDeploymentPostprocessing = 0;
		};
/* End PBXFrameworksBuildPhase section */

/* Begin PBXGroup section */
		6A8F1B172120C3D80012C979 = {
			isa = PBXGroup;
			children = (
				6A8F1B222120C3D80012C979 /* NotificationTester */,
				6A8F1B3F2120CBCF0012C979 /* NotificationContentExt */,
				6A8F1B3A2120CBCF0012C979 /* Frameworks */,
				6A8F1B212120C3D80012C979 /* Products */,
			);
			sourceTree = "<group>";
		};
		6A8F1B212120C3D80012C979 /* Products */ = {
			isa = PBXGroup;
			children = (
				6A8F1B202120C3D80012C979 /* NotificationTester.app */,
				6A8F1B392120CBCF0012C979 /* NotificationContentExt.appex */,
			);
			name = Products;
			sourceTree = "<group>";
		};
		6A8F1B222120C3D80012C979 /* NotificationTester */ = {
			isa = PBXGroup;
			children = (
				6A8F1B64212233BD0012C979 /* Files */,
				6A8F1B4F21214A190012C979 /* NotificationTester.entitlements */,
				6A8F1B50212151120012C979 /* NotificationSettingsViewController.swift */,
				6A8F1B232120C3D80012C979 /* AppDelegate.swift */,
				6A8F1B252120C3D80012C979 /* ViewController.swift */,
				6A8F1B272120C3D80012C979 /* Main.storyboard */,
				6A8F1B2A2120C3DA0012C979 /* Assets.xcassets */,
				6A8F1B2C2120C3DA0012C979 /* LaunchScreen.storyboard */,
				6A8F1B2F2120C3DA0012C979 /* Info.plist */,
				6A8F1B4D21212A1A0012C979 /* Common.swift */,
			);
			path = NotificationTester;
			sourceTree = "<group>";
		};
		6A8F1B3A2120CBCF0012C979 /* Frameworks */ = {
			isa = PBXGroup;
			children = (
				6A8F1B3B2120CBCF0012C979 /* UserNotifications.framework */,
				6A8F1B3D2120CBCF0012C979 /* UserNotificationsUI.framework */,
			);
			name = Frameworks;
			sourceTree = "<group>";
		};
		6A8F1B3F2120CBCF0012C979 /* NotificationContentExt */ = {
			isa = PBXGroup;
			children = (
				6A8F1B402120CBCF0012C979 /* NotificationViewController.swift */,
				6A8F1B422120CBCF0012C979 /* MainInterface.storyboard */,
				6A8F1B452120CBCF0012C979 /* Info.plist */,
			);
			path = NotificationContentExt;
			sourceTree = "<group>";
		};
		6A8F1B64212233BD0012C979 /* Files */ = {
			isa = PBXGroup;
			children = (
				6A8F1B6A21224F740012C979 /* heart-filled.png */,
				6A8F1B6921224F740012C979 /* heart-outline.png */,
				6A8F1B67212233ED0012C979 /* startup.jpg */,
			);
			path = Files;
			sourceTree = "<group>";
		};
/* End PBXGroup section */

/* Begin PBXNativeTarget section */
		6A8F1B1F2120C3D80012C979 /* NotificationTester */ = {
			isa = PBXNativeTarget;
			buildConfigurationList = 6A8F1B322120C3DA0012C979 /* Build configuration list for PBXNativeTarget "NotificationTester" */;
			buildPhases = (
				6A8F1B1C2120C3D80012C979 /* Sources */,
				6A8F1B1D2120C3D80012C979 /* Frameworks */,
				6A8F1B1E2120C3D80012C979 /* Resources */,
				6A8F1B4C2120CBCF0012C979 /* Embed App Extensions */,
			);
			buildRules = (
			);
			dependencies = (
				6A8F1B472120CBCF0012C979 /* PBXTargetDependency */,
			);
			name = NotificationTester;
			productName = NotificationTester;
			productReference = 6A8F1B202120C3D80012C979 /* NotificationTester.app */;
			productType = "com.apple.product-type.application";
		};
		6A8F1B382120CBCF0012C979 /* NotificationContentExt */ = {
			isa = PBXNativeTarget;
			buildConfigurationList = 6A8F1B492120CBCF0012C979 /* Build configuration list for PBXNativeTarget "NotificationContentExt" */;
			buildPhases = (
				6A8F1B352120CBCF0012C979 /* Sources */,
				6A8F1B362120CBCF0012C979 /* Frameworks */,
				6A8F1B372120CBCF0012C979 /* Resources */,
			);
			buildRules = (
			);
			dependencies = (
			);
			name = NotificationContentExt;
			productName = NotificationContentExt;
			productReference = 6A8F1B392120CBCF0012C979 /* NotificationContentExt.appex */;
			productType = "com.apple.product-type.app-extension";
		};
/* End PBXNativeTarget section */

/* Begin PBXProject section */
		6A8F1B182120C3D80012C979 /* Project object */ = {
			isa = PBXProject;
			attributes = {
				LastSwiftUpdateCheck = 1000;
				LastUpgradeCheck = 1000;
				ORGANIZATIONNAME = "Kaya Thomas";
				TargetAttributes = {
					6A8F1B1F2120C3D80012C979 = {
						CreatedOnToolsVersion = 10.0;
						SystemCapabilities = {
							com.apple.Push = {
								enabled = 1;
							};
						};
					};
					6A8F1B382120CBCF0012C979 = {
						CreatedOnToolsVersion = 10.0;
					};
				};
			};
			buildConfigurationList = 6A8F1B1B2120C3D80012C979 /* Build configuration list for PBXProject "NotificationTester" */;
			compatibilityVersion = "Xcode 9.3";
			developmentRegion = en;
			hasScannedForEncodings = 0;
			knownRegions = (
				en,
				Base,
			);
			mainGroup = 6A8F1B172120C3D80012C979;
			productRefGroup = 6A8F1B212120C3D80012C979 /* Products */;
			projectDirPath = "";
			projectRoot = "";
			targets = (
				6A8F1B1F2120C3D80012C979 /* NotificationTester */,
				6A8F1B382120CBCF0012C979 /* NotificationContentExt */,
			);
		};
/* End PBXProject section */

/* Begin PBXResourcesBuildPhase section */
		6A8F1B1E2120C3D80012C979 /* Resources */ = {
			isa = PBXResourcesBuildPhase;
			buildActionMask = 2147483647;
			files = (
				6A8F1B6C21224F740012C979 /* heart-filled.png in Resources */,
				6A8F1B2E2120C3DA0012C979 /* LaunchScreen.storyboard in Resources */,
				6A8F1B6B21224F740012C979 /* heart-outline.png in Resources */,
				6A8F1B68212233ED0012C979 /* startup.jpg in Resources */,
				6A8F1B2B2120C3DA0012C979 /* Assets.xcassets in Resources */,
				6A8F1B292120C3D80012C979 /* Main.storyboard in Resources */,
			);
			runOnlyForDeploymentPostprocessing = 0;
		};
		6A8F1B372120CBCF0012C979 /* Resources */ = {
			isa = PBXResourcesBuildPhase;
			buildActionMask = 2147483647;
			files = (
				6A8F1B442120CBCF0012C979 /* MainInterface.storyboard in Resources */,
			);
			runOnlyForDeploymentPostprocessing = 0;
		};
/* End PBXResourcesBuildPhase section */

/* Begin PBXSourcesBuildPhase section */
		6A8F1B1C2120C3D80012C979 /* Sources */ = {
			isa = PBXSourcesBuildPhase;
			buildActionMask = 2147483647;
			files = (
				6A8F1B262120C3D80012C979 /* ViewController.swift in Sources */,
				6A8F1B4E21212A1A0012C979 /* Common.swift in Sources */,
				6A8F1B51212151120012C979 /* NotificationSettingsViewController.swift in Sources */,
				6A8F1B242120C3D80012C979 /* AppDelegate.swift in Sources */,
			);
			runOnlyForDeploymentPostprocessing = 0;
		};
		6A8F1B352120CBCF0012C979 /* Sources */ = {
			isa = PBXSourcesBuildPhase;
			buildActionMask = 2147483647;
			files = (
				6A8F1B412120CBCF0012C979 /* NotificationViewController.swift in Sources */,
			);
			runOnlyForDeploymentPostprocessing = 0;
		};
/* End PBXSourcesBuildPhase section */

/* Begin PBXTargetDependency section */
		6A8F1B472120CBCF0012C979 /* PBXTargetDependency */ = {
			isa = PBXTargetDependency;
			target = 6A8F1B382120CBCF0012C979 /* NotificationContentExt */;
			targetProxy = 6A8F1B462120CBCF0012C979 /* PBXContainerItemProxy */;
		};
/* End PBXTargetDependency section */

/* Begin PBXVariantGroup section */
		6A8F1B272120C3D80012C979 /* Main.storyboard */ = {
			isa = PBXVariantGroup;
			children = (
				6A8F1B282120C3D80012C979 /* Base */,
			);
			name = Main.storyboard;
			sourceTree = "<group>";
		};
		6A8F1B2C2120C3DA0012C979 /* LaunchScreen.storyboard */ = {
			isa = PBXVariantGroup;
			children = (
				6A8F1B2D2120C3DA0012C979 /* Base */,
			);
			name = LaunchScreen.storyboard;
			sourceTree = "<group>";
		};
		6A8F1B422120CBCF0012C979 /* MainInterface.storyboard */ = {
			isa = PBXVariantGroup;
			children = (
				6A8F1B432120CBCF0012C979 /* Base */,
			);
			name = MainInterface.storyboard;
			sourceTree = "<group>";
		};
/* End PBXVariantGroup section */

/* Begin XCBuildConfiguration section */
		6A8F1B302120C3DA0012C979 /* Debug */ = {
			isa = XCBuildConfiguration;
			buildSettings = {
				ALWAYS_SEARCH_USER_PATHS = NO;
				CLANG_ANALYZER_NONNULL = YES;
				CLANG_ANALYZER_NUMBER_OBJECT_CONVERSION = YES_AGGRESSIVE;
				CLANG_CXX_LANGUAGE_STANDARD = "gnu++14";
				CLANG_CXX_LIBRARY = "libc++";
				CLANG_ENABLE_MODULES = YES;
				CLANG_ENABLE_OBJC_ARC = YES;
				CLANG_ENABLE_OBJC_WEAK = YES;
				CLANG_WARN_BLOCK_CAPTURE_AUTORELEASING = YES;
				CLANG_WARN_BOOL_CONVERSION = YES;
				CLANG_WARN_COMMA = YES;
				CLANG_WARN_CONSTANT_CONVERSION = YES;
				CLANG_WARN_DEPRECATED_OBJC_IMPLEMENTATIONS = YES;
				CLANG_WARN_DIRECT_OBJC_ISA_USAGE = YES_ERROR;
				CLANG_WARN_DOCUMENTATION_COMMENTS = YES;
				CLANG_WARN_EMPTY_BODY = YES;
				CLANG_WARN_ENUM_CONVERSION = YES;
				CLANG_WARN_INFINITE_RECURSION = YES;
				CLANG_WARN_INT_CONVERSION = YES;
				CLANG_WARN_NON_LITERAL_NULL_CONVERSION = YES;
				CLANG_WARN_OBJC_IMPLICIT_RETAIN_SELF = YES;
				CLANG_WARN_OBJC_LITERAL_CONVERSION = YES;
				CLANG_WARN_OBJC_ROOT_CLASS = YES_ERROR;
				CLANG_WARN_RANGE_LOOP_ANALYSIS = YES;
				CLANG_WARN_STRICT_PROTOTYPES = YES;
				CLANG_WARN_SUSPICIOUS_MOVE = YES;
				CLANG_WARN_UNGUARDED_AVAILABILITY = YES_AGGRESSIVE;
				CLANG_WARN_UNREACHABLE_CODE = YES;
				CLANG_WARN__DUPLICATE_METHOD_MATCH = YES;
				CODE_SIGN_IDENTITY = "iPhone Developer";
				COPY_PHASE_STRIP = NO;
				DEBUG_INFORMATION_FORMAT = dwarf;
				ENABLE_STRICT_OBJC_MSGSEND = YES;
				ENABLE_TESTABILITY = YES;
				GCC_C_LANGUAGE_STANDARD = gnu11;
				GCC_DYNAMIC_NO_PIC = NO;
				GCC_NO_COMMON_BLOCKS = YES;
				GCC_OPTIMIZATION_LEVEL = 0;
				GCC_PREPROCESSOR_DEFINITIONS = (
					"DEBUG=1",
					"$(inherited)",
				);
				GCC_WARN_64_TO_32_BIT_CONVERSION = YES;
				GCC_WARN_ABOUT_RETURN_TYPE = YES_ERROR;
				GCC_WARN_UNDECLARED_SELECTOR = YES;
				GCC_WARN_UNINITIALIZED_AUTOS = YES_AGGRESSIVE;
				GCC_WARN_UNUSED_FUNCTION = YES;
				GCC_WARN_UNUSED_VARIABLE = YES;
				IPHONEOS_DEPLOYMENT_TARGET = 12.0;
				MTL_ENABLE_DEBUG_INFO = INCLUDE_SOURCE;
				MTL_FAST_MATH = YES;
				ONLY_ACTIVE_ARCH = YES;
				SDKROOT = iphoneos;
				SWIFT_ACTIVE_COMPILATION_CONDITIONS = DEBUG;
				SWIFT_OPTIMIZATION_LEVEL = "-Onone";
			};
			name = Debug;
		};
		6A8F1B312120C3DA0012C979 /* Release */ = {
			isa = XCBuildConfiguration;
			buildSettings = {
				ALWAYS_SEARCH_USER_PATHS = NO;
				CLANG_ANALYZER_NONNULL = YES;
				CLANG_ANALYZER_NUMBER_OBJECT_CONVERSION = YES_AGGRESSIVE;
				CLANG_CXX_LANGUAGE_STANDARD = "gnu++14";
				CLANG_CXX_LIBRARY = "libc++";
				CLANG_ENABLE_MODULES = YES;
				CLANG_ENABLE_OBJC_ARC = YES;
				CLANG_ENABLE_OBJC_WEAK = YES;
				CLANG_WARN_BLOCK_CAPTURE_AUTORELEASING = YES;
				CLANG_WARN_BOOL_CONVERSION = YES;
				CLANG_WARN_COMMA = YES;
				CLANG_WARN_CONSTANT_CONVERSION = YES;
				CLANG_WARN_DEPRECATED_OBJC_IMPLEMENTATIONS = YES;
				CLANG_WARN_DIRECT_OBJC_ISA_USAGE = YES_ERROR;
				CLANG_WARN_DOCUMENTATION_COMMENTS = YES;
				CLANG_WARN_EMPTY_BODY = YES;
				CLANG_WARN_ENUM_CONVERSION = YES;
				CLANG_WARN_INFINITE_RECURSION = YES;
				CLANG_WARN_INT_CONVERSION = YES;
				CLANG_WARN_NON_LITERAL_NULL_CONVERSION = YES;
				CLANG_WARN_OBJC_IMPLICIT_RETAIN_SELF = YES;
				CLANG_WARN_OBJC_LITERAL_CONVERSION = YES;
				CLANG_WARN_OBJC_ROOT_CLASS = YES_ERROR;
				CLANG_WARN_RANGE_LOOP_ANALYSIS = YES;
				CLANG_WARN_STRICT_PROTOTYPES = YES;
				CLANG_WARN_SUSPICIOUS_MOVE = YES;
				CLANG_WARN_UNGUARDED_AVAILABILITY = YES_AGGRESSIVE;
				CLANG_WARN_UNREACHABLE_CODE = YES;
				CLANG_WARN__DUPLICATE_METHOD_MATCH = YES;
				CODE_SIGN_IDENTITY = "iPhone Developer";
				COPY_PHASE_STRIP = NO;
				DEBUG_INFORMATION_FORMAT = "dwarf-with-dsym";
				ENABLE_NS_ASSERTIONS = NO;
				ENABLE_STRICT_OBJC_MSGSEND = YES;
				GCC_C_LANGUAGE_STANDARD = gnu11;
				GCC_NO_COMMON_BLOCKS = YES;
				GCC_WARN_64_TO_32_BIT_CONVERSION = YES;
				GCC_WARN_ABOUT_RETURN_TYPE = YES_ERROR;
				GCC_WARN_UNDECLARED_SELECTOR = YES;
				GCC_WARN_UNINITIALIZED_AUTOS = YES_AGGRESSIVE;
				GCC_WARN_UNUSED_FUNCTION = YES;
				GCC_WARN_UNUSED_VARIABLE = YES;
				IPHONEOS_DEPLOYMENT_TARGET = 12.0;
				MTL_ENABLE_DEBUG_INFO = NO;
				MTL_FAST_MATH = YES;
				SDKROOT = iphoneos;
				SWIFT_COMPILATION_MODE = wholemodule;
				SWIFT_OPTIMIZATION_LEVEL = "-O";
				VALIDATE_PRODUCT = YES;
			};
			name = Release;
		};
		6A8F1B332120C3DA0012C979 /* Debug */ = {
			isa = XCBuildConfiguration;
			buildSettings = {
				ALWAYS_EMBED_SWIFT_STANDARD_LIBRARIES = YES;
				ASSETCATALOG_COMPILER_APPICON_NAME = AppIcon;
				CODE_SIGN_ENTITLEMENTS = NotificationTester/NotificationTester.entitlements;
				CODE_SIGN_STYLE = Automatic;
				DEVELOPMENT_TEAM = 3A54GEJN3V;
				INFOPLIST_FILE = NotificationTester/Info.plist;
				LD_RUNPATH_SEARCH_PATHS = (
					"$(inherited)",
					"@executable_path/Frameworks",
				);
				PRODUCT_BUNDLE_IDENTIFIER = "Kaya-Thomas.NotificationTester";
				PRODUCT_NAME = "$(TARGET_NAME)";
				SWIFT_VERSION = 4.2;
				TARGETED_DEVICE_FAMILY = "1,2";
			};
			name = Debug;
		};
		6A8F1B342120C3DA0012C979 /* Release */ = {
			isa = XCBuildConfiguration;
			buildSettings = {
				ALWAYS_EMBED_SWIFT_STANDARD_LIBRARIES = YES;
				ASSETCATALOG_COMPILER_APPICON_NAME = AppIcon;
				CODE_SIGN_ENTITLEMENTS = NotificationTester/NotificationTester.entitlements;
				CODE_SIGN_STYLE = Automatic;
				DEVELOPMENT_TEAM = 3A54GEJN3V;
				INFOPLIST_FILE = NotificationTester/Info.plist;
				LD_RUNPATH_SEARCH_PATHS = (
					"$(inherited)",
					"@executable_path/Frameworks",
				);
				PRODUCT_BUNDLE_IDENTIFIER = "Kaya-Thomas.NotificationTester";
				PRODUCT_NAME = "$(TARGET_NAME)";
				SWIFT_VERSION = 4.2;
				TARGETED_DEVICE_FAMILY = "1,2";
			};
			name = Release;
		};
		6A8F1B4A2120CBCF0012C979 /* Debug */ = {
			isa = XCBuildConfiguration;
			buildSettings = {
				CODE_SIGN_STYLE = Automatic;
				DEVELOPMENT_TEAM = 3A54GEJN3V;
				INFOPLIST_FILE = NotificationContentExt/Info.plist;
				LD_RUNPATH_SEARCH_PATHS = (
					"$(inherited)",
					"@executable_path/Frameworks",
					"@executable_path/../../Frameworks",
				);
				PRODUCT_BUNDLE_IDENTIFIER = "Kaya-Thomas.NotificationTester.NotificationContentExt";
				PRODUCT_NAME = "$(TARGET_NAME)";
				SKIP_INSTALL = YES;
				SWIFT_VERSION = 4.2;
				TARGETED_DEVICE_FAMILY = "1,2";
			};
			name = Debug;
		};
		6A8F1B4B2120CBCF0012C979 /* Release */ = {
			isa = XCBuildConfiguration;
			buildSettings = {
				CODE_SIGN_STYLE = Automatic;
				DEVELOPMENT_TEAM = 3A54GEJN3V;
				INFOPLIST_FILE = NotificationContentExt/Info.plist;
				LD_RUNPATH_SEARCH_PATHS = (
					"$(inherited)",
					"@executable_path/Frameworks",
					"@executable_path/../../Frameworks",
				);
				PRODUCT_BUNDLE_IDENTIFIER = "Kaya-Thomas.NotificationTester.NotificationContentExt";
				PRODUCT_NAME = "$(TARGET_NAME)";
				SKIP_INSTALL = YES;
				SWIFT_VERSION = 4.2;
				TARGETED_DEVICE_FAMILY = "1,2";
			};
			name = Release;
		};
/* End XCBuildConfiguration section */

/* Begin XCConfigurationList section */
		6A8F1B1B2120C3D80012C979 /* Build configuration list for PBXProject "NotificationTester" */ = {
			isa = XCConfigurationList;
			buildConfigurations = (
				6A8F1B302120C3DA0012C979 /* Debug */,
				6A8F1B312120C3DA0012C979 /* Release */,
			);
			defaultConfigurationIsVisible = 0;
			defaultConfigurationName = Release;
		};
		6A8F1B322120C3DA0012C979 /* Build configuration list for PBXNativeTarget "NotificationTester" */ = {
			isa = XCConfigurationList;
			buildConfigurations = (
				6A8F1B332120C3DA0012C979 /* Debug */,
				6A8F1B342120C3DA0012C979 /* Release */,
			);
			defaultConfigurationIsVisible = 0;
			defaultConfigurationName = Release;
		};
		6A8F1B492120CBCF0012C979 /* Build configuration list for PBXNativeTarget "NotificationContentExt" */ = {
			isa = XCConfigurationList;
			buildConfigurations = (
				6A8F1B4A2120CBCF0012C979 /* Debug */,
				6A8F1B4B2120CBCF0012C979 /* Release */,
			);
			defaultConfigurationIsVisible = 0;
			defaultConfigurationName = Release;
		};
/* End XCConfigurationList section */
	};
	rootObject = 6A8F1B182120C3D80012C979 /* Project object */;
}
